version = 1
revision = 2
requires-python = ">=3.11"

[[package]]
name = "click"
version = "8.2.1"
source = { registry = "https://pypi.org/simple" }
dependencies = [
    { name = "colorama", marker = "sys_platform == 'win32'" },
]
sdist = { url = "https://files.pythonhosted.org/packages/60/6c/8ca2efa64cf75a977a0d7fac081354553ebe483345c734fb6b6515d96bbc/click-8.2.1.tar.gz", hash = "sha256:27c491cc05d968d271d5a1db13e3b5a184636d9d930f148c50b038f0d0646202", size = 286342, upload-time = "2025-05-20T23:19:49.832Z" }
wheels = [
    { url = "https://files.pythonhosted.org/packages/85/32/10bb5764d90a8eee674e9dc6f4db6a0ab47c8c4d0d83c27f7c39ac415a4d/click-8.2.1-py3-none-any.whl", hash = "sha256:61a3265b914e850b85317d0b3109c7f8cd35a670f963866005d6ef1d5175a12b", size = 102215, upload-time = "2025-05-20T23:19:47.796Z" },
]

[[package]]
name = "colorama"
version = "0.4.6"
source = { registry = "https://pypi.org/simple" }
sdist = { url = "https://files.pythonhosted.org/packages/d8/53/6f443c9a4a8358a93a6792e2acffb9d9d5cb0a5cfd8802644b7b1c9a02e4/colorama-0.4.6.tar.gz", hash = "sha256:08695f5cb7ed6e0531a20572697297273c47b8cae5a63ffc6d6ed5c201be6e44", size = 27697, upload-time = "2022-10-25T02:36:22.414Z" }
wheels = [
    { url = "https://files.pythonhosted.org/packages/d1/d6/3965ed04c63042e047cb6a3e6ed1a63a35087b6a609aa3a15ed8ac56c221/colorama-0.4.6-py2.py3-none-any.whl", hash = "sha256:4f1d9991f5acc0ca119f9d443620b77f9d6b33703e51011c16baf57afb285fc6", size = 25335, upload-time = "2022-10-25T02:36:20.889Z" },
]

[[package]]
name = "defusedxml"
version = "0.7.1"
source = { registry = "https://pypi.org/simple" }
sdist = { url = "https://files.pythonhosted.org/packages/0f/d5/c66da9b79e5bdb124974bfe172b4daf3c984ebd9c2a06e2b8a4dc7331c72/defusedxml-0.7.1.tar.gz", hash = "sha256:1bb3032db185915b62d7c6209c5a8792be6a32ab2fedacc84e01b52c51aa3e69", size = 75520, upload-time = "2021-03-08T10:59:26.269Z" }
wheels = [
    { url = "https://files.pythonhosted.org/packages/07/6c/aa3f2f849e01cb6a001cd8554a88d4c77c5c1a31c95bdf1cf9301e6d9ef4/defusedxml-0.7.1-py2.py3-none-any.whl", hash = "sha256:a352e7e428770286cc899e2542b6cdaedb2b4953ff269a210103ec58f6198a61", size = 25604, upload-time = "2021-03-08T10:59:24.45Z" },
]

[[package]]
name = "diy-catalog-cli"
version = "0.1.0"
source = { virtual = "." }
dependencies = [
    { name = "click" },
    { name = "fpdf2" },
    { name = "pillow" },
    { name = "qrcode" },
]

[package.metadata]
requires-dist = [
    { name = "click", specifier = ">=8.2.1" },
    { name = "fpdf2", specifier = ">=2.8.3" },
    { name = "pillow", specifier = ">=11.2.1" },
    { name = "qrcode", specifier = ">=8.2" },
]

[[package]]
name = "fonttools"
version = "4.58.2"
source = { registry = "https://pypi.org/simple" }
sdist = { url = "https://files.pythonhosted.org/packages/b6/a9/3319c6ae07fd9dde51064ddc6d82a2b707efad8ed407d700a01091121bbc/fonttools-4.58.2.tar.gz", hash = "sha256:4b491ddbfd50b856e84b0648b5f7941af918f6d32f938f18e62b58426a8d50e2", size = 3524285, upload-time = "2025-06-06T14:50:58.643Z" }
wheels = [
    { url = "https://files.pythonhosted.org/packages/63/d0/335d12ee943b8d67847864bba98478fedf3503d8b168eeeefadd8660256a/fonttools-4.58.2-cp311-cp311-macosx_10_9_universal2.whl", hash = "sha256:024faaf20811296fd2f83ebdac7682276362e726ed5fea4062480dd36aff2fd9", size = 2755885, upload-time = "2025-06-06T14:49:52.459Z" },
    { url = "https://files.pythonhosted.org/packages/66/c2/d8ceb8b91e3847786a19d4b93749b1d804833482b5f79bee35b68327609e/fonttools-4.58.2-cp311-cp311-macosx_10_9_x86_64.whl", hash = "sha256:2faec6e7f2abd80cd9f2392dfa28c02cfd5b1125be966ea6eddd6ca684deaa40", size = 2317804, upload-time = "2025-06-06T14:49:54.581Z" },
    { url = "https://files.pythonhosted.org/packages/7c/93/865c8d50b3a1f50ebdc02227f28bb81817df88cee75bc6f2652469e754b1/fonttools-4.58.2-cp311-cp311-manylinux_2_17_aarch64.manylinux2014_aarch64.whl", hash = "sha256:520792629a938c14dd7fe185794b156cfc159c609d07b31bbb5f51af8dc7918a", size = 4916900, upload-time = "2025-06-06T14:49:56.366Z" },
    { url = "https://files.pythonhosted.org/packages/60/d1/301aec4f02995958b7af6728f838b2e5cc9296bec7eae350722dec31f685/fonttools-4.58.2-cp311-cp311-manylinux_2_17_x86_64.manylinux2014_x86_64.whl", hash = "sha256:12fbc6e0bf0c75ce475ef170f2c065be6abc9e06ad19a13b56b02ec2acf02427", size = 4937358, upload-time = "2025-06-06T14:49:58.392Z" },
    { url = "https://files.pythonhosted.org/packages/15/22/75dc23a4c7200b8feb90baa82c518684a601a3a03be25f7cc3dde1525e37/fonttools-4.58.2-cp311-cp311-musllinux_1_2_aarch64.whl", hash = "sha256:44a39cf856d52109127d55576c7ec010206a8ba510161a7705021f70d1649831", size = 4980151, upload-time = "2025-06-06T14:50:00.778Z" },
    { url = "https://files.pythonhosted.org/packages/14/51/5d402f65c4b0c89ce0cdbffe86646f3996da209f7bc93f1f4a13a7211ee0/fonttools-4.58.2-cp311-cp311-musllinux_1_2_x86_64.whl", hash = "sha256:5390a67c55a835ad5a420da15b3d88b75412cbbd74450cb78c4916b0bd7f0a34", size = 5091255, upload-time = "2025-06-06T14:50:02.588Z" },
    { url = "https://files.pythonhosted.org/packages/c7/5e/dee28700276129db1a0ee8ab0d5574d255a1d72df7f6df58a9d26ddef687/fonttools-4.58.2-cp311-cp311-win32.whl", hash = "sha256:f7e10f4e7160bcf6a240d7560e9e299e8cb585baed96f6a616cef51180bf56cb", size = 2190095, upload-time = "2025-06-06T14:50:04.932Z" },
    { url = "https://files.pythonhosted.org/packages/bd/60/b90fda549942808b68c1c5bada4b369f4f55d4c28a7012f7537670438f82/fonttools-4.58.2-cp311-cp311-win_amd64.whl", hash = "sha256:29bdf52bfafdae362570d3f0d3119a3b10982e1ef8cb3a9d3ebb72da81cb8d5e", size = 2238013, upload-time = "2025-06-06T14:50:06.605Z" },
    { url = "https://files.pythonhosted.org/packages/eb/68/7ec64584dc592faf944d540307c3562cd893256c48bb028c90de489e4750/fonttools-4.58.2-cp312-cp312-macosx_10_13_universal2.whl", hash = "sha256:c6eeaed9c54c1d33c1db928eb92b4e180c7cb93b50b1ee3e79b2395cb01f25e9", size = 2741645, upload-time = "2025-06-06T14:50:08.706Z" },
    { url = "https://files.pythonhosted.org/packages/8f/0c/b327838f63baa7ebdd6db3ffdf5aff638e883f9236d928be4f32c692e1bd/fonttools-4.58.2-cp312-cp312-macosx_10_13_x86_64.whl", hash = "sha256:bbe1d9c72b7f981bed5c2a61443d5e3127c1b3aca28ca76386d1ad93268a803f", size = 2311100, upload-time = "2025-06-06T14:50:10.401Z" },
    { url = "https://files.pythonhosted.org/packages/ae/c7/dec024a1c873c79a4db98fe0104755fa62ec2b4518e09d6fda28246c3c9b/fonttools-4.58.2-cp312-cp312-manylinux_2_17_aarch64.manylinux2014_aarch64.whl", hash = "sha256:85babe5b3ce2cbe57fc0d09c0ee92bbd4d594fd7ea46a65eb43510a74a4ce773", size = 4815841, upload-time = "2025-06-06T14:50:12.496Z" },
    { url = "https://files.pythonhosted.org/packages/94/33/57c81abad641d6ec9c8b06c99cd28d687cb4849efb6168625b5c6b8f9fa4/fonttools-4.58.2-cp312-cp312-manylinux_2_5_x86_64.manylinux1_x86_64.manylinux_2_17_x86_64.manylinux2014_x86_64.whl", hash = "sha256:918a2854537fcdc662938057ad58b633bc9e0698f04a2f4894258213283a7932", size = 4882659, upload-time = "2025-06-06T14:50:14.361Z" },
    { url = "https://files.pythonhosted.org/packages/a5/37/2f8faa2bf8bd1ba016ea86a94c72a5e8ef8ea1c52ec64dada617191f0515/fonttools-4.58.2-cp312-cp312-musllinux_1_2_aarch64.whl", hash = "sha256:3b379cf05bf776c336a0205632596b1c7d7ab5f7135e3935f2ca2a0596d2d092", size = 4876128, upload-time = "2025-06-06T14:50:16.653Z" },
    { url = "https://files.pythonhosted.org/packages/a0/ca/f1caac24ae7028a33f2a95e66c640571ff0ce5cb06c4c9ca1f632e98e22c/fonttools-4.58.2-cp312-cp312-musllinux_1_2_x86_64.whl", hash = "sha256:99ab3547a15a5d168c265e139e21756bbae1de04782ac9445c9ef61b8c0a32ce", size = 5027843, upload-time = "2025-06-06T14:50:18.582Z" },
    { url = "https://files.pythonhosted.org/packages/52/6e/3200fa2bafeed748a3017e4e6594751fd50cce544270919265451b21b75c/fonttools-4.58.2-cp312-cp312-win32.whl", hash = "sha256:6764e7a3188ce36eea37b477cdeca602ae62e63ae9fc768ebc176518072deb04", size = 2177374, upload-time = "2025-06-06T14:50:20.454Z" },
    { url = "https://files.pythonhosted.org/packages/55/ab/8f3e726f3f3ef3062ce9bbb615727c55beb11eea96d1f443f79cafca93ee/fonttools-4.58.2-cp312-cp312-win_amd64.whl", hash = "sha256:41f02182a1d41b79bae93c1551855146868b04ec3e7f9c57d6fef41a124e6b29", size = 2226685, upload-time = "2025-06-06T14:50:22.087Z" },
    { url = "https://files.pythonhosted.org/packages/ac/01/29f81970a508408af20b434ff5136cd1c7ef92198957eb8ddadfbb9ef177/fonttools-4.58.2-cp313-cp313-macosx_10_13_universal2.whl", hash = "sha256:829048ef29dbefec35d95cc6811014720371c95bdc6ceb0afd2f8e407c41697c", size = 2732398, upload-time = "2025-06-06T14:50:23.821Z" },
    { url = "https://files.pythonhosted.org/packages/0c/f1/095f2338359333adb2f1c51b8b2ad94bf9a2fa17e5fcbdf8a7b8e3672d2d/fonttools-4.58.2-cp313-cp313-macosx_10_13_x86_64.whl", hash = "sha256:64998c5993431e45b474ed5f579f18555f45309dd1cf8008b594d2fe0a94be59", size = 2306390, upload-time = "2025-06-06T14:50:25.942Z" },
    { url = "https://files.pythonhosted.org/packages/bf/d4/9eba134c7666a26668c28945355cd86e5d57828b6b8d952a5489fe45d7e2/fonttools-4.58.2-cp313-cp313-manylinux_2_17_aarch64.manylinux2014_aarch64.whl", hash = "sha256:b887a1cf9fbcb920980460ee4a489c8aba7e81341f6cdaeefa08c0ab6529591c", size = 4795100, upload-time = "2025-06-06T14:50:27.653Z" },
    { url = "https://files.pythonhosted.org/packages/2a/34/345f153a24c1340daa62340c3be2d1e5ee6c1ee57e13f6d15613209e688b/fonttools-4.58.2-cp313-cp313-manylinux_2_5_x86_64.manylinux1_x86_64.manylinux_2_17_x86_64.manylinux2014_x86_64.whl", hash = "sha256:27d74b9f6970cefbcda33609a3bee1618e5e57176c8b972134c4e22461b9c791", size = 4864585, upload-time = "2025-06-06T14:50:29.915Z" },
    { url = "https://files.pythonhosted.org/packages/01/5f/091979a25c9a6c4ba064716cfdfe9431f78ed6ffba4bd05ae01eee3532e9/fonttools-4.58.2-cp313-cp313-musllinux_1_2_aarch64.whl", hash = "sha256:ec26784610056a770e15a60f9920cee26ae10d44d1e43271ea652dadf4e7a236", size = 4866191, upload-time = "2025-06-06T14:50:32.188Z" },
    { url = "https://files.pythonhosted.org/packages/9d/09/3944d0ece4a39560918cba37c2e0453a5f826b665a6db0b43abbd9dbe7e1/fonttools-4.58.2-cp313-cp313-musllinux_1_2_x86_64.whl", hash = "sha256:ed0a71d57dd427c0fb89febd08cac9b925284d2a8888e982a6c04714b82698d7", size = 5003867, upload-time = "2025-06-06T14:50:34.323Z" },
    { url = "https://files.pythonhosted.org/packages/68/97/190b8f9ba22f8b7d07df2faa9fd7087b453776d0705d3cb5b0cbd89b8ef0/fonttools-4.58.2-cp313-cp313-win32.whl", hash = "sha256:994e362b01460aa863ef0cb41a29880bc1a498c546952df465deff7abf75587a", size = 2175688, upload-time = "2025-06-06T14:50:36.211Z" },
    { url = "https://files.pythonhosted.org/packages/94/ea/0e6d4a39528dbb6e0f908c2ad219975be0a506ed440fddf5453b90f76981/fonttools-4.58.2-cp313-cp313-win_amd64.whl", hash = "sha256:f95dec862d7c395f2d4efe0535d9bdaf1e3811e51b86432fa2a77e73f8195756", size = 2226464, upload-time = "2025-06-06T14:50:38.862Z" },
    { url = "https://files.pythonhosted.org/packages/e8/e5/c1cb8ebabb80be76d4d28995da9416816653f8f572920ab5e3d2e3ac8285/fonttools-4.58.2-py3-none-any.whl", hash = "sha256:84f4b0bcfa046254a65ee7117094b4907e22dc98097a220ef108030eb3c15596", size = 1114597, upload-time = "2025-06-06T14:50:56.619Z" },
]

[[package]]
name = "fpdf2"
version = "2.8.3"
source = { registry = "https://pypi.org/simple" }
dependencies = [
    { name = "defusedxml" },
    { name = "fonttools" },
    { name = "pillow" },
]
sdist = { url = "https://files.pythonhosted.org/packages/ea/a2/6464c0406365d50bcf000a72c6ede7b6633f08ad8bccdc1553265bb15ccf/fpdf2-2.8.3.tar.gz", hash = "sha256:494dc0bd935271c9ce16fb3a47c98b6f59b8d160cd519c2d3a7ed243c3852456", size = 278704, upload-time = "2025-04-22T20:38:54.373Z" }
wheels = [
    { url = "https://files.pythonhosted.org/packages/ef/0d/a79fe9d1c5fa165a940c7a7907d30a5b5f88d14d82dca0afe73618f4b07a/fpdf2-2.8.3-py2.py3-none-any.whl", hash = "sha256:0529d7bf1c46e7031768f442e7def37545b619b1bcd34e9c540de3d866f61550", size = 245701, upload-time = "2025-04-22T20:38:52.355Z" },
]

[[package]]
name = "pillow"
version = "11.2.1"
source = { registry = "https://pypi.org/simple" }
sdist = { url = "https://files.pythonhosted.org/packages/af/cb/bb5c01fcd2a69335b86c22142b2bccfc3464087efb7fd382eee5ffc7fdf7/pillow-11.2.1.tar.gz", hash = "sha256:a64dd61998416367b7ef979b73d3a85853ba9bec4c2925f74e588879a58716b6", size = 47026707, upload-time = "2025-04-12T17:50:03.289Z" }
wheels = [
    { url = "https://files.pythonhosted.org/packages/68/08/3fbf4b98924c73037a8e8b4c2c774784805e0fb4ebca6c5bb60795c40125/pillow-11.2.1-cp311-cp311-macosx_10_10_x86_64.whl", hash = "sha256:35ca289f712ccfc699508c4658a1d14652e8033e9b69839edf83cbdd0ba39e70", size = 3198450, upload-time = "2025-04-12T17:47:37.135Z" },
    { url = "https://files.pythonhosted.org/packages/84/92/6505b1af3d2849d5e714fc75ba9e69b7255c05ee42383a35a4d58f576b16/pillow-11.2.1-cp311-cp311-macosx_11_0_arm64.whl", hash = "sha256:e0409af9f829f87a2dfb7e259f78f317a5351f2045158be321fd135973fff7bf", size = 3030550, upload-time = "2025-04-12T17:47:39.345Z" },
    { url = "https://files.pythonhosted.org/packages/3c/8c/ac2f99d2a70ff966bc7eb13dacacfaab57c0549b2ffb351b6537c7840b12/pillow-11.2.1-cp311-cp311-manylinux_2_17_aarch64.manylinux2014_aarch64.whl", hash = "sha256:d4e5c5edee874dce4f653dbe59db7c73a600119fbea8d31f53423586ee2aafd7", size = 4415018, upload-time = "2025-04-12T17:47:41.128Z" },
    { url = "https://files.pythonhosted.org/packages/1f/e3/0a58b5d838687f40891fff9cbaf8669f90c96b64dc8f91f87894413856c6/pillow-11.2.1-cp311-cp311-manylinux_2_17_x86_64.manylinux2014_x86_64.whl", hash = "sha256:b93a07e76d13bff9444f1a029e0af2964e654bfc2e2c2d46bfd080df5ad5f3d8", size = 4498006, upload-time = "2025-04-12T17:47:42.912Z" },
    { url = "https://files.pythonhosted.org/packages/21/f5/6ba14718135f08fbfa33308efe027dd02b781d3f1d5c471444a395933aac/pillow-11.2.1-cp311-cp311-manylinux_2_28_aarch64.whl", hash = "sha256:e6def7eed9e7fa90fde255afaf08060dc4b343bbe524a8f69bdd2a2f0018f600", size = 4517773, upload-time = "2025-04-12T17:47:44.611Z" },
    { url = "https://files.pythonhosted.org/packages/20/f2/805ad600fc59ebe4f1ba6129cd3a75fb0da126975c8579b8f57abeb61e80/pillow-11.2.1-cp311-cp311-manylinux_2_28_x86_64.whl", hash = "sha256:8f4f3724c068be008c08257207210c138d5f3731af6c155a81c2b09a9eb3a788", size = 4607069, upload-time = "2025-04-12T17:47:46.46Z" },
    { url = "https://files.pythonhosted.org/packages/71/6b/4ef8a288b4bb2e0180cba13ca0a519fa27aa982875882392b65131401099/pillow-11.2.1-cp311-cp311-musllinux_1_2_aarch64.whl", hash = "sha256:a0a6709b47019dff32e678bc12c63008311b82b9327613f534e496dacaefb71e", size = 4583460, upload-time = "2025-04-12T17:47:49.255Z" },
    { url = "https://files.pythonhosted.org/packages/62/ae/f29c705a09cbc9e2a456590816e5c234382ae5d32584f451c3eb41a62062/pillow-11.2.1-cp311-cp311-musllinux_1_2_x86_64.whl", hash = "sha256:f6b0c664ccb879109ee3ca702a9272d877f4fcd21e5eb63c26422fd6e415365e", size = 4661304, upload-time = "2025-04-12T17:47:51.067Z" },
    { url = "https://files.pythonhosted.org/packages/6e/1a/c8217b6f2f73794a5e219fbad087701f412337ae6dbb956db37d69a9bc43/pillow-11.2.1-cp311-cp311-win32.whl", hash = "sha256:cc5d875d56e49f112b6def6813c4e3d3036d269c008bf8aef72cd08d20ca6df6", size = 2331809, upload-time = "2025-04-12T17:47:54.425Z" },
    { url = "https://files.pythonhosted.org/packages/e2/72/25a8f40170dc262e86e90f37cb72cb3de5e307f75bf4b02535a61afcd519/pillow-11.2.1-cp311-cp311-win_amd64.whl", hash = "sha256:0f5c7eda47bf8e3c8a283762cab94e496ba977a420868cb819159980b6709193", size = 2676338, upload-time = "2025-04-12T17:47:56.535Z" },
    { url = "https://files.pythonhosted.org/packages/06/9e/76825e39efee61efea258b479391ca77d64dbd9e5804e4ad0fa453b4ba55/pillow-11.2.1-cp311-cp311-win_arm64.whl", hash = "sha256:4d375eb838755f2528ac8cbc926c3e31cc49ca4ad0cf79cff48b20e30634a4a7", size = 2414918, upload-time = "2025-04-12T17:47:58.217Z" },
    { url = "https://files.pythonhosted.org/packages/c7/40/052610b15a1b8961f52537cc8326ca6a881408bc2bdad0d852edeb6ed33b/pillow-11.2.1-cp312-cp312-macosx_10_13_x86_64.whl", hash = "sha256:78afba22027b4accef10dbd5eed84425930ba41b3ea0a86fa8d20baaf19d807f", size = 3190185, upload-time = "2025-04-12T17:48:00.417Z" },
    { url = "https://files.pythonhosted.org/packages/e5/7e/b86dbd35a5f938632093dc40d1682874c33dcfe832558fc80ca56bfcb774/pillow-11.2.1-cp312-cp312-macosx_11_0_arm64.whl", hash = "sha256:78092232a4ab376a35d68c4e6d5e00dfd73454bd12b230420025fbe178ee3b0b", size = 3030306, upload-time = "2025-04-12T17:48:02.391Z" },
    { url = "https://files.pythonhosted.org/packages/a4/5c/467a161f9ed53e5eab51a42923c33051bf8d1a2af4626ac04f5166e58e0c/pillow-11.2.1-cp312-cp312-manylinux_2_17_aarch64.manylinux2014_aarch64.whl", hash = "sha256:25a5f306095c6780c52e6bbb6109624b95c5b18e40aab1c3041da3e9e0cd3e2d", size = 4416121, upload-time = "2025-04-12T17:48:04.554Z" },
    { url = "https://files.pythonhosted.org/packages/62/73/972b7742e38ae0e2ac76ab137ca6005dcf877480da0d9d61d93b613065b4/pillow-11.2.1-cp312-cp312-manylinux_2_17_x86_64.manylinux2014_x86_64.whl", hash = "sha256:0c7b29dbd4281923a2bfe562acb734cee96bbb129e96e6972d315ed9f232bef4", size = 4501707, upload-time = "2025-04-12T17:48:06.831Z" },
    { url = "https://files.pythonhosted.org/packages/e4/3a/427e4cb0b9e177efbc1a84798ed20498c4f233abde003c06d2650a6d60cb/pillow-11.2.1-cp312-cp312-manylinux_2_28_aarch64.whl", hash = "sha256:3e645b020f3209a0181a418bffe7b4a93171eef6c4ef6cc20980b30bebf17b7d", size = 4522921, upload-time = "2025-04-12T17:48:09.229Z" },
    { url = "https://files.pythonhosted.org/packages/fe/7c/d8b1330458e4d2f3f45d9508796d7caf0c0d3764c00c823d10f6f1a3b76d/pillow-11.2.1-cp312-cp312-manylinux_2_28_x86_64.whl", hash = "sha256:b2dbea1012ccb784a65349f57bbc93730b96e85b42e9bf7b01ef40443db720b4", size = 4612523, upload-time = "2025-04-12T17:48:11.631Z" },
    { url = "https://files.pythonhosted.org/packages/b3/2f/65738384e0b1acf451de5a573d8153fe84103772d139e1e0bdf1596be2ea/pillow-11.2.1-cp312-cp312-musllinux_1_2_aarch64.whl", hash = "sha256:da3104c57bbd72948d75f6a9389e6727d2ab6333c3617f0a89d72d4940aa0443", size = 4587836, upload-time = "2025-04-12T17:48:13.592Z" },
    { url = "https://files.pythonhosted.org/packages/6a/c5/e795c9f2ddf3debb2dedd0df889f2fe4b053308bb59a3cc02a0cd144d641/pillow-11.2.1-cp312-cp312-musllinux_1_2_x86_64.whl", hash = "sha256:598174aef4589af795f66f9caab87ba4ff860ce08cd5bb447c6fc553ffee603c", size = 4669390, upload-time = "2025-04-12T17:48:15.938Z" },
    { url = "https://files.pythonhosted.org/packages/96/ae/ca0099a3995976a9fce2f423166f7bff9b12244afdc7520f6ed38911539a/pillow-11.2.1-cp312-cp312-win32.whl", hash = "sha256:1d535df14716e7f8776b9e7fee118576d65572b4aad3ed639be9e4fa88a1cad3", size = 2332309, upload-time = "2025-04-12T17:48:17.885Z" },
    { url = "https://files.pythonhosted.org/packages/7c/18/24bff2ad716257fc03da964c5e8f05d9790a779a8895d6566e493ccf0189/pillow-11.2.1-cp312-cp312-win_amd64.whl", hash = "sha256:14e33b28bf17c7a38eede290f77db7c664e4eb01f7869e37fa98a5aa95978941", size = 2676768, upload-time = "2025-04-12T17:48:19.655Z" },
    { url = "https://files.pythonhosted.org/packages/da/bb/e8d656c9543276517ee40184aaa39dcb41e683bca121022f9323ae11b39d/pillow-11.2.1-cp312-cp312-win_arm64.whl", hash = "sha256:21e1470ac9e5739ff880c211fc3af01e3ae505859392bf65458c224d0bf283eb", size = 2415087, upload-time = "2025-04-12T17:48:21.991Z" },
    { url = "https://files.pythonhosted.org/packages/36/9c/447528ee3776e7ab8897fe33697a7ff3f0475bb490c5ac1456a03dc57956/pillow-11.2.1-cp313-cp313-macosx_10_13_x86_64.whl", hash = "sha256:fdec757fea0b793056419bca3e9932eb2b0ceec90ef4813ea4c1e072c389eb28", size = 3190098, upload-time = "2025-04-12T17:48:23.915Z" },
    { url = "https://files.pythonhosted.org/packages/b5/09/29d5cd052f7566a63e5b506fac9c60526e9ecc553825551333e1e18a4858/pillow-11.2.1-cp313-cp313-macosx_11_0_arm64.whl", hash = "sha256:b0e130705d568e2f43a17bcbe74d90958e8a16263868a12c3e0d9c8162690830", size = 3030166, upload-time = "2025-04-12T17:48:25.738Z" },
    { url = "https://files.pythonhosted.org/packages/71/5d/446ee132ad35e7600652133f9c2840b4799bbd8e4adba881284860da0a36/pillow-11.2.1-cp313-cp313-manylinux_2_17_aarch64.manylinux2014_aarch64.whl", hash = "sha256:7bdb5e09068332578214cadd9c05e3d64d99e0e87591be22a324bdbc18925be0", size = 4408674, upload-time = "2025-04-12T17:48:27.908Z" },
    { url = "https://files.pythonhosted.org/packages/69/5f/cbe509c0ddf91cc3a03bbacf40e5c2339c4912d16458fcb797bb47bcb269/pillow-11.2.1-cp313-cp313-manylinux_2_17_x86_64.manylinux2014_x86_64.whl", hash = "sha256:d189ba1bebfbc0c0e529159631ec72bb9e9bc041f01ec6d3233d6d82eb823bc1", size = 4496005, upload-time = "2025-04-12T17:48:29.888Z" },
    { url = "https://files.pythonhosted.org/packages/f9/b3/dd4338d8fb8a5f312021f2977fb8198a1184893f9b00b02b75d565c33b51/pillow-11.2.1-cp313-cp313-manylinux_2_28_aarch64.whl", hash = "sha256:191955c55d8a712fab8934a42bfefbf99dd0b5875078240943f913bb66d46d9f", size = 4518707, upload-time = "2025-04-12T17:48:31.874Z" },
    { url = "https://files.pythonhosted.org/packages/13/eb/2552ecebc0b887f539111c2cd241f538b8ff5891b8903dfe672e997529be/pillow-11.2.1-cp313-cp313-manylinux_2_28_x86_64.whl", hash = "sha256:ad275964d52e2243430472fc5d2c2334b4fc3ff9c16cb0a19254e25efa03a155", size = 4610008, upload-time = "2025-04-12T17:48:34.422Z" },
    { url = "https://files.pythonhosted.org/packages/72/d1/924ce51bea494cb6e7959522d69d7b1c7e74f6821d84c63c3dc430cbbf3b/pillow-11.2.1-cp313-cp313-musllinux_1_2_aarch64.whl", hash = "sha256:750f96efe0597382660d8b53e90dd1dd44568a8edb51cb7f9d5d918b80d4de14", size = 4585420, upload-time = "2025-04-12T17:48:37.641Z" },
    { url = "https://files.pythonhosted.org/packages/43/ab/8f81312d255d713b99ca37479a4cb4b0f48195e530cdc1611990eb8fd04b/pillow-11.2.1-cp313-cp313-musllinux_1_2_x86_64.whl", hash = "sha256:fe15238d3798788d00716637b3d4e7bb6bde18b26e5d08335a96e88564a36b6b", size = 4667655, upload-time = "2025-04-12T17:48:39.652Z" },
    { url = "https://files.pythonhosted.org/packages/94/86/8f2e9d2dc3d308dfd137a07fe1cc478df0a23d42a6c4093b087e738e4827/pillow-11.2.1-cp313-cp313-win32.whl", hash = "sha256:3fe735ced9a607fee4f481423a9c36701a39719252a9bb251679635f99d0f7d2", size = 2332329, upload-time = "2025-04-12T17:48:41.765Z" },
    { url = "https://files.pythonhosted.org/packages/6d/ec/1179083b8d6067a613e4d595359b5fdea65d0a3b7ad623fee906e1b3c4d2/pillow-11.2.1-cp313-cp313-win_amd64.whl", hash = "sha256:74ee3d7ecb3f3c05459ba95eed5efa28d6092d751ce9bf20e3e253a4e497e691", size = 2676388, upload-time = "2025-04-12T17:48:43.625Z" },
    { url = "https://files.pythonhosted.org/packages/23/f1/2fc1e1e294de897df39fa8622d829b8828ddad938b0eaea256d65b84dd72/pillow-11.2.1-cp313-cp313-win_arm64.whl", hash = "sha256:5119225c622403afb4b44bad4c1ca6c1f98eed79db8d3bc6e4e160fc6339d66c", size = 2414950, upload-time = "2025-04-12T17:48:45.475Z" },
    { url = "https://files.pythonhosted.org/packages/c4/3e/c328c48b3f0ead7bab765a84b4977acb29f101d10e4ef57a5e3400447c03/pillow-11.2.1-cp313-cp313t-macosx_10_13_x86_64.whl", hash = "sha256:8ce2e8411c7aaef53e6bb29fe98f28cd4fbd9a1d9be2eeea434331aac0536b22", size = 3192759, upload-time = "2025-04-12T17:48:47.866Z" },
    { url = "https://files.pythonhosted.org/packages/18/0e/1c68532d833fc8b9f404d3a642991441d9058eccd5606eab31617f29b6d4/pillow-11.2.1-cp313-cp313t-macosx_11_0_arm64.whl", hash = "sha256:9ee66787e095127116d91dea2143db65c7bb1e232f617aa5957c0d9d2a3f23a7", size = 3033284, upload-time = "2025-04-12T17:48:50.189Z" },
    { url = "https://files.pythonhosted.org/packages/b7/cb/6faf3fb1e7705fd2db74e070f3bf6f88693601b0ed8e81049a8266de4754/pillow-11.2.1-cp313-cp313t-manylinux_2_17_aarch64.manylinux2014_aarch64.whl", hash = "sha256:9622e3b6c1d8b551b6e6f21873bdcc55762b4b2126633014cea1803368a9aa16", size = 4445826, upload-time = "2025-04-12T17:48:52.346Z" },
    { url = "https://files.pythonhosted.org/packages/07/94/8be03d50b70ca47fb434a358919d6a8d6580f282bbb7af7e4aa40103461d/pillow-11.2.1-cp313-cp313t-manylinux_2_17_x86_64.manylinux2014_x86_64.whl", hash = "sha256:63b5dff3a68f371ea06025a1a6966c9a1e1ee452fc8020c2cd0ea41b83e9037b", size = 4527329, upload-time = "2025-04-12T17:48:54.403Z" },
    { url = "https://files.pythonhosted.org/packages/fd/a4/bfe78777076dc405e3bd2080bc32da5ab3945b5a25dc5d8acaa9de64a162/pillow-11.2.1-cp313-cp313t-manylinux_2_28_aarch64.whl", hash = "sha256:31df6e2d3d8fc99f993fd253e97fae451a8db2e7207acf97859732273e108406", size = 4549049, upload-time = "2025-04-12T17:48:56.383Z" },
    { url = "https://files.pythonhosted.org/packages/65/4d/eaf9068dc687c24979e977ce5677e253624bd8b616b286f543f0c1b91662/pillow-11.2.1-cp313-cp313t-manylinux_2_28_x86_64.whl", hash = "sha256:062b7a42d672c45a70fa1f8b43d1d38ff76b63421cbbe7f88146b39e8a558d91", size = 4635408, upload-time = "2025-04-12T17:48:58.782Z" },
    { url = "https://files.pythonhosted.org/packages/1d/26/0fd443365d9c63bc79feb219f97d935cd4b93af28353cba78d8e77b61719/pillow-11.2.1-cp313-cp313t-musllinux_1_2_aarch64.whl", hash = "sha256:4eb92eca2711ef8be42fd3f67533765d9fd043b8c80db204f16c8ea62ee1a751", size = 4614863, upload-time = "2025-04-12T17:49:00.709Z" },
    { url = "https://files.pythonhosted.org/packages/49/65/dca4d2506be482c2c6641cacdba5c602bc76d8ceb618fd37de855653a419/pillow-11.2.1-cp313-cp313t-musllinux_1_2_x86_64.whl", hash = "sha256:f91ebf30830a48c825590aede79376cb40f110b387c17ee9bd59932c961044f9", size = 4692938, upload-time = "2025-04-12T17:49:02.946Z" },
    { url = "https://files.pythonhosted.org/packages/b3/92/1ca0c3f09233bd7decf8f7105a1c4e3162fb9142128c74adad0fb361b7eb/pillow-11.2.1-cp313-cp313t-win32.whl", hash = "sha256:e0b55f27f584ed623221cfe995c912c61606be8513bfa0e07d2c674b4516d9dd", size = 2335774, upload-time = "2025-04-12T17:49:04.889Z" },
    { url = "https://files.pythonhosted.org/packages/a5/ac/77525347cb43b83ae905ffe257bbe2cc6fd23acb9796639a1f56aa59d191/pillow-11.2.1-cp313-cp313t-win_amd64.whl", hash = "sha256:36d6b82164c39ce5482f649b437382c0fb2395eabc1e2b1702a6deb8ad647d6e", size = 2681895, upload-time = "2025-04-12T17:49:06.635Z" },
    { url = "https://files.pythonhosted.org/packages/67/32/32dc030cfa91ca0fc52baebbba2e009bb001122a1daa8b6a79ad830b38d3/pillow-11.2.1-cp313-cp313t-win_arm64.whl", hash = "sha256:225c832a13326e34f212d2072982bb1adb210e0cc0b153e688743018c94a2681", size = 2417234, upload-time = "2025-04-12T17:49:08.399Z" },
    { url = "https://files.pythonhosted.org/packages/a4/ad/2613c04633c7257d9481ab21d6b5364b59fc5d75faafd7cb8693523945a3/pillow-11.2.1-pp311-pypy311_pp73-macosx_10_15_x86_64.whl", hash = "sha256:80f1df8dbe9572b4b7abdfa17eb5d78dd620b1d55d9e25f834efdbee872d3aed", size = 3181734, upload-time = "2025-04-12T17:49:46.789Z" },
    { url = "https://files.pythonhosted.org/packages/a4/fd/dcdda4471ed667de57bb5405bb42d751e6cfdd4011a12c248b455c778e03/pillow-11.2.1-pp311-pypy311_pp73-macosx_11_0_arm64.whl", hash = "sha256:ea926cfbc3957090becbcbbb65ad177161a2ff2ad578b5a6ec9bb1e1cd78753c", size = 2999841, upload-time = "2025-04-12T17:49:48.812Z" },
    { url = "https://files.pythonhosted.org/packages/ac/89/8a2536e95e77432833f0db6fd72a8d310c8e4272a04461fb833eb021bf94/pillow-11.2.1-pp311-pypy311_pp73-manylinux_2_17_aarch64.manylinux2014_aarch64.whl", hash = "sha256:738db0e0941ca0376804d4de6a782c005245264edaa253ffce24e5a15cbdc7bd", size = 3437470, upload-time = "2025-04-12T17:49:50.831Z" },
    { url = "https://files.pythonhosted.org/packages/9d/8f/abd47b73c60712f88e9eda32baced7bfc3e9bd6a7619bb64b93acff28c3e/pillow-11.2.1-pp311-pypy311_pp73-manylinux_2_17_x86_64.manylinux2014_x86_64.whl", hash = "sha256:9db98ab6565c69082ec9b0d4e40dd9f6181dab0dd236d26f7a50b8b9bfbd5076", size = 3460013, upload-time = "2025-04-12T17:49:53.278Z" },
    { url = "https://files.pythonhosted.org/packages/f6/20/5c0a0aa83b213b7a07ec01e71a3d6ea2cf4ad1d2c686cc0168173b6089e7/pillow-11.2.1-pp311-pypy311_pp73-manylinux_2_28_aarch64.whl", hash = "sha256:036e53f4170e270ddb8797d4c590e6dd14d28e15c7da375c18978045f7e6c37b", size = 3527165, upload-time = "2025-04-12T17:49:55.164Z" },
    { url = "https://files.pythonhosted.org/packages/58/0e/2abab98a72202d91146abc839e10c14f7cf36166f12838ea0c4db3ca6ecb/pillow-11.2.1-pp311-pypy311_pp73-manylinux_2_28_x86_64.whl", hash = "sha256:14f73f7c291279bd65fda51ee87affd7c1e097709f7fdd0188957a16c264601f", size = 3571586, upload-time = "2025-04-12T17:49:57.171Z" },
    { url = "https://files.pythonhosted.org/packages/21/2c/5e05f58658cf49b6667762cca03d6e7d85cededde2caf2ab37b81f80e574/pillow-11.2.1-pp311-pypy311_pp73-win_amd64.whl", hash = "sha256:208653868d5c9ecc2b327f9b9ef34e0e42a4cdd172c2988fd81d62d2bc9bc044", size = 2674751, upload-time = "2025-04-12T17:49:59.628Z" },
]

[[package]]
name = "qrcode"
version = "8.2"
source = { registry = "https://pypi.org/simple" }
dependencies = [
    { name = "colorama", marker = "sys_platform == 'win32'" },
]
sdist = { url = "https://files.pythonhosted.org/packages/8f/b2/7fc2931bfae0af02d5f53b174e9cf701adbb35f39d69c2af63d4a39f81a9/qrcode-8.2.tar.gz", hash = "sha256:35c3f2a4172b33136ab9f6b3ef1c00260dd2f66f858f24d88418a015f446506c", size = 43317, upload-time = "2025-05-01T15:44:24.726Z" }
wheels = [
    { url = "https://files.pythonhosted.org/packages/dd/b8/d2d6d731733f51684bbf76bf34dab3b70a9148e8f2cef2bb544fccec681a/qrcode-8.2-py3-none-any.whl", hash = "sha256:16e64e0716c14960108e85d853062c9e8bba5ca8252c0b4d0231b9df4060ff4f", size = 45986, upload-time = "2025-05-01T15:44:22.781Z" },
]
